// !$*UTF8*$!
{
	archiveVersion = 1;
	classes = {
	};
	objectVersion = 46;
	objects = {

/* Begin PBXBuildFile section */
		2FB09AB6196B9CA2006C813B /* Foundation.framework in Frameworks */ = {isa = PBXBuildFile; fileRef = 2FB09AB5196B9CA2006C813B /* Foundation.framework */; };
		2FB09AB8196B9CA2006C813B /* CoreGraphics.framework in Frameworks */ = {isa = PBXBuildFile; fileRef = 2FB09AB7196B9CA2006C813B /* CoreGraphics.framework */; };
		2FB09ABA196B9CA2006C813B /* UIKit.framework in Frameworks */ = {isa = PBXBuildFile; fileRef = 2FB09AB9196B9CA2006C813B /* UIKit.framework */; };
		2FB09AC0196B9CA2006C813B /* InfoPlist.strings in Resources */ = {isa = PBXBuildFile; fileRef = 2FB09ABE196B9CA2006C813B /* InfoPlist.strings */; };
		2FB09AC2196B9CA2006C813B /* main.m in Sources */ = {isa = PBXBuildFile; fileRef = 2FB09AC1196B9CA2006C813B /* main.m */; };
		2FB09AC6196B9CA2006C813B /* AppDelegate.m in Sources */ = {isa = PBXBuildFile; fileRef = 2FB09AC5196B9CA2006C813B /* AppDelegate.m */; };
		2FB09AC9196B9CA2006C813B /* Main_iPhone.storyboard in Resources */ = {isa = PBXBuildFile; fileRef = 2FB09AC7196B9CA2006C813B /* Main_iPhone.storyboard */; };
		2FB09ACC196B9CA2006C813B /* Main_iPad.storyboard in Resources */ = {isa = PBXBuildFile; fileRef = 2FB09ACA196B9CA2006C813B /* Main_iPad.storyboard */; };
		2FB09ACF196B9CA2006C813B /* ViewController.m in Sources */ = {isa = PBXBuildFile; fileRef = 2FB09ACE196B9CA2006C813B /* ViewController.m */; };
		2FB09AD1196B9CA2006C813B /* Images.xcassets in Resources */ = {isa = PBXBuildFile; fileRef = 2FB09AD0196B9CA2006C813B /* Images.xcassets */; };
		2FB09AD8196B9CA2006C813B /* XCTest.framework in Frameworks */ = {isa = PBXBuildFile; fileRef = 2FB09AD7196B9CA2006C813B /* XCTest.framework */; };
		2FB09AD9196B9CA2006C813B /* Foundation.framework in Frameworks */ = {isa = PBXBuildFile; fileRef = 2FB09AB5196B9CA2006C813B /* Foundation.framework */; };
		2FB09ADA196B9CA2006C813B /* UIKit.framework in Frameworks */ = {isa = PBXBuildFile; fileRef = 2FB09AB9196B9CA2006C813B /* UIKit.framework */; };
		2FB09AE2196B9CA2006C813B /* InfoPlist.strings in Resources */ = {isa = PBXBuildFile; fileRef = 2FB09AE0196B9CA2006C813B /* InfoPlist.strings */; };
		2FB09AE4196B9CA2006C813B /* RecipesTests.m in Sources */ = {isa = PBXBuildFile; fileRef = 2FB09AE3196B9CA2006C813B /* RecipesTests.m */; };
/* End PBXBuildFile section */

/* Begin PBXContainerItemProxy section */
		2FB09ADB196B9CA2006C813B /* PBXContainerItemProxy */ = {
			isa = PBXContainerItemProxy;
			containerPortal = 2FB09AAA196B9CA2006C813B /* Project object */;
			proxyType = 1;
			remoteGlobalIDString = 2FB09AB1196B9CA2006C813B;
			remoteInfo = Recipes;
		};
/* End PBXContainerItemProxy section */

/* Begin PBXFileReference section */
		2FB09AB2196B9CA2006C813B /* Recipes.app */ = {isa = PBXFileReference; explicitFileType = wrapper.application; includeInIndex = 0; path = Recipes.app; sourceTree = BUILT_PRODUCTS_DIR; };
		2FB09AB5196B9CA2006C813B /* Foundation.framework */ = {isa = PBXFileReference; lastKnownFileType = wrapper.framework; name = Foundation.framework; path = System/Library/Frameworks/Foundation.framework; sourceTree = SDKROOT; };
		2FB09AB7196B9CA2006C813B /* CoreGraphics.framework */ = {isa = PBXFileReference; lastKnownFileType = wrapper.framework; name = CoreGraphics.framework; path = System/Library/Frameworks/CoreGraphics.framework; sourceTree = SDKROOT; };
		2FB09AB9196B9CA2006C813B /* UIKit.framework */ = {isa = PBXFileReference; lastKnownFileType = wrapper.framework; name = UIKit.framework; path = System/Library/Frameworks/UIKit.framework; sourceTree = SDKROOT; };
		2FB09ABD196B9CA2006C813B /* Recipes-Info.plist */ = {isa = PBXFileReference; lastKnownFileType = text.plist.xml; path = "Recipes-Info.plist"; sourceTree = "<group>"; };
		2FB09ABF196B9CA2006C813B /* en */ = {isa = PBXFileReference; lastKnownFileType = text.plist.strings; name = en; path = en.lproj/InfoPlist.strings; sourceTree = "<group>"; };
		2FB09AC1196B9CA2006C813B /* main.m */ = {isa = PBXFileReference; lastKnownFileType = sourcecode.c.objc; path = main.m; sourceTree = "<group>"; };
		2FB09AC3196B9CA2006C813B /* Recipes-Prefix.pch */ = {isa = PBXFileReference; lastKnownFileType = sourcecode.c.h; path = "Recipes-Prefix.pch"; sourceTree = "<group>"; };
		2FB09AC4196B9CA2006C813B /* AppDelegate.h */ = {isa = PBXFileReference; lastKnownFileType = sourcecode.c.h; path = AppDelegate.h; sourceTree = "<group>"; };
		2FB09AC5196B9CA2006C813B /* AppDelegate.m */ = {isa = PBXFileReference; lastKnownFileType = sourcecode.c.objc; path = AppDelegate.m; sourceTree = "<group>"; };
		2FB09AC8196B9CA2006C813B /* Base */ = {isa = PBXFileReference; lastKnownFileType = file.storyboard; name = Base; path = Base.lproj/Main_iPhone.storyboard; sourceTree = "<group>"; };
		2FB09ACB196B9CA2006C813B /* Base */ = {isa = PBXFileReference; lastKnownFileType = file.storyboard; name = Base; path = Base.lproj/Main_iPad.storyboard; sourceTree = "<group>"; };
		2FB09ACD196B9CA2006C813B /* ViewController.h */ = {isa = PBXFileReference; lastKnownFileType = sourcecode.c.h; path = ViewController.h; sourceTree = "<group>"; };
		2FB09ACE196B9CA2006C813B /* ViewController.m */ = {isa = PBXFileReference; lastKnownFileType = sourcecode.c.objc; path = ViewController.m; sourceTree = "<group>"; };
		2FB09AD0196B9CA2006C813B /* Images.xcassets */ = {isa = PBXFileReference; lastKnownFileType = folder.assetcatalog; path = Images.xcassets; sourceTree = "<group>"; };
		2FB09AD6196B9CA2006C813B /* RecipesTests.xctest */ = {isa = PBXFileReference; explicitFileType = wrapper.cfbundle; includeInIndex = 0; path = RecipesTests.xctest; sourceTree = BUILT_PRODUCTS_DIR; };
		2FB09AD7196B9CA2006C813B /* XCTest.framework */ = {isa = PBXFileReference; lastKnownFileType = wrapper.framework; name = XCTest.framework; path = Library/Frameworks/XCTest.framework; sourceTree = DEVELOPER_DIR; };
		2FB09ADF196B9CA2006C813B /* RecipesTests-Info.plist */ = {isa = PBXFileReference; lastKnownFileType = text.plist.xml; path = "RecipesTests-Info.plist"; sourceTree = "<group>"; };
		2FB09AE1196B9CA2006C813B /* en */ = {isa = PBXFileReference; lastKnownFileType = text.plist.strings; name = en; path = en.lproj/InfoPlist.strings; sourceTree = "<group>"; };
		2FB09AE3196B9CA2006C813B /* RecipesTests.m */ = {isa = PBXFileReference; lastKnownFileType = sourcecode.c.objc; path = RecipesTests.m; sourceTree = "<group>"; };
/* End PBXFileReference section */

/* Begin PBXFrameworksBuildPhase section */
		2FB09AAF196B9CA2006C813B /* Frameworks */ = {
			isa = PBXFrameworksBuildPhase;
			buildActionMask = 2147483647;
			files = (
				2FB09AB8196B9CA2006C813B /* CoreGraphics.framework in Frameworks */,
				2FB09ABA196B9CA2006C813B /* UIKit.framework in Frameworks */,
				2FB09AB6196B9CA2006C813B /* Foundation.framework in Frameworks */,
			);
			runOnlyForDeploymentPostprocessing = 0;
		};
		2FB09AD3196B9CA2006C813B /* Frameworks */ = {
			isa = PBXFrameworksBuildPhase;
			buildActionMask = 2147483647;
			files = (
				2FB09AD8196B9CA2006C813B /* XCTest.framework in Frameworks */,
				2FB09ADA196B9CA2006C813B /* UIKit.framework in Frameworks */,
				2FB09AD9196B9CA2006C813B /* Foundation.framework in Frameworks */,
			);
			runOnlyForDeploymentPostprocessing = 0;
		};
/* End PBXFrameworksBuildPhase section */

/* Begin PBXGroup section */
		2FB09AA9196B9CA2006C813B = {
			isa = PBXGroup;
			children = (
				2FB09ABB196B9CA2006C813B /* Recipes */,
				2FB09ADD196B9CA2006C813B /* RecipesTests */,
				2FB09AB4196B9CA2006C813B /* Frameworks */,
				2FB09AB3196B9CA2006C813B /* Products */,
			);
			sourceTree = "<group>";
		};
		2FB09AB3196B9CA2006C813B /* Products */ = {
			isa = PBXGroup;
			children = (
				2FB09AB2196B9CA2006C813B /* Recipes.app */,
				2FB09AD6196B9CA2006C813B /* RecipesTests.xctest */,
			);
			name = Products;
			sourceTree = "<group>";
		};
		2FB09AB4196B9CA2006C813B /* Frameworks */ = {
			isa = PBXGroup;
			children = (
				2FB09AB5196B9CA2006C813B /* Foundation.framework */,
				2FB09AB7196B9CA2006C813B /* CoreGraphics.framework */,
				2FB09AB9196B9CA2006C813B /* UIKit.framework */,
				2FB09AD7196B9CA2006C813B /* XCTest.framework */,
			);
			name = Frameworks;
			sourceTree = "<group>";
		};
		2FB09ABB196B9CA2006C813B /* Recipes */ = {
			isa = PBXGroup;
			children = (
				2FB09AC4196B9CA2006C813B /* AppDelegate.h */,
				2FB09AC5196B9CA2006C813B /* AppDelegate.m */,
				2FB09AC7196B9CA2006C813B /* Main_iPhone.storyboard */,
				2FB09ACA196B9CA2006C813B /* Main_iPad.storyboard */,
				2FB09ACD196B9CA2006C813B /* ViewController.h */,
				2FB09ACE196B9CA2006C813B /* ViewController.m */,
				2FB09AD0196B9CA2006C813B /* Images.xcassets */,
				2FB09ABC196B9CA2006C813B /* Supporting Files */,
			);
			path = Recipes;
			sourceTree = "<group>";
		};
		2FB09ABC196B9CA2006C813B /* Supporting Files */ = {
			isa = PBXGroup;
			children = (
				2FB09ABD196B9CA2006C813B /* Recipes-Info.plist */,
				2FB09ABE196B9CA2006C813B /* InfoPlist.strings */,
				2FB09AC1196B9CA2006C813B /* main.m */,
				2FB09AC3196B9CA2006C813B /* Recipes-Prefix.pch */,
			);
			name = "Supporting Files";
			sourceTree = "<group>";
		};
		2FB09ADD196B9CA2006C813B /* RecipesTests */ = {
			isa = PBXGroup;
			children = (
				2FB09AE3196B9CA2006C813B /* RecipesTests.m */,
				2FB09ADE196B9CA2006C813B /* Supporting Files */,
			);
			path = RecipesTests;
			sourceTree = "<group>";
		};
		2FB09ADE196B9CA2006C813B /* Supporting Files */ = {
			isa = PBXGroup;
			children = (
				2FB09ADF196B9CA2006C813B /* RecipesTests-Info.plist */,
				2FB09AE0196B9CA2006C813B /* InfoPlist.strings */,
			);
			name = "Supporting Files";
			sourceTree = "<group>";
		};
/* End PBXGroup section */

/* Begin PBXNativeTarget section */
		2FB09AB1196B9CA2006C813B /* Recipes */ = {
			isa = PBXNativeTarget;
			buildConfigurationList = 2FB09AE7196B9CA2006C813B /* Build configuration list for PBXNativeTarget "Recipes" */;
			buildPhases = (
				2FB09AAE196B9CA2006C813B /* Sources */,
				2FB09AAF196B9CA2006C813B /* Frameworks */,
				2FB09AB0196B9CA2006C813B /* Resources */,
			);
			buildRules = (
			);
			dependencies = (
			);
			name = Recipes;
			productName = Recipes;
			productReference = 2FB09AB2196B9CA2006C813B /* Recipes.app */;
			productType = "com.apple.product-type.application";
		};
		2FB09AD5196B9CA2006C813B /* RecipesTests */ = {
			isa = PBXNativeTarget;
			buildConfigurationList = 2FB09AEA196B9CA2006C813B /* Build configuration list for PBXNativeTarget "RecipesTests" */;
			buildPhases = (
				2FB09AD2196B9CA2006C813B /* Sources */,
				2FB09AD3196B9CA2006C813B /* Frameworks */,
				2FB09AD4196B9CA2006C813B /* Resources */,
			);
			buildRules = (
			);
			dependencies = (
				2FB09ADC196B9CA2006C813B /* PBXTargetDependency */,
			);
			name = RecipesTests;
			productName = RecipesTests;
			productReference = 2FB09AD6196B9CA2006C813B /* RecipesTests.xctest */;
			productType = "com.apple.product-type.bundle.unit-test";
		};
/* End PBXNativeTarget section */

/* Begin PBXProject section */
		2FB09AAA196B9CA2006C813B /* Project object */ = {
			isa = PBXProject;
			attributes = {
				LastUpgradeCheck = 0510;
				ORGANIZATIONNAME = "Tyler Miller";
				TargetAttributes = {
					2FB09AD5196B9CA2006C813B = {
						TestTargetID = 2FB09AB1196B9CA2006C813B;
					};
				};
			};
			buildConfigurationList = 2FB09AAD196B9CA2006C813B /* Build configuration list for PBXProject "Recipes" */;
			compatibilityVersion = "Xcode 3.2";
			developmentRegion = English;
			hasScannedForEncodings = 0;
			knownRegions = (
				en,
				Base,
			);
			mainGroup = 2FB09AA9196B9CA2006C813B;
			productRefGroup = 2FB09AB3196B9CA2006C813B /* Products */;
			projectDirPath = "";
			projectRoot = "";
			targets = (
				2FB09AB1196B9CA2006C813B /* Recipes */,
				2FB09AD5196B9CA2006C813B /* RecipesTests */,
			);
		};
/* End PBXProject section */

/* Begin PBXResourcesBuildPhase section */
		2FB09AB0196B9CA2006C813B /* Resources */ = {
			isa = PBXResourcesBuildPhase;
			buildActionMask = 2147483647;
			files = (
				2FB09ACC196B9CA2006C813B /* Main_iPad.storyboard in Resources */,
				2FB09AD1196B9CA2006C813B /* Images.xcassets in Resources */,
				2FB09AC9196B9CA2006C813B /* Main_iPhone.storyboard in Resources */,
				2FB09AC0196B9CA2006C813B /* InfoPlist.strings in Resources */,
			);
			runOnlyForDeploymentPostprocessing = 0;
		};
		2FB09AD4196B9CA2006C813B /* Resources */ = {
			isa = PBXResourcesBuildPhase;
			buildActionMask = 2147483647;
			files = (
				2FB09AE2196B9CA2006C813B /* InfoPlist.strings in Resources */,
			);
			runOnlyForDeploymentPostprocessing = 0;
		};
/* End PBXResourcesBuildPhase section */

/* Begin PBXSourcesBuildPhase section */
		2FB09AAE196B9CA2006C813B /* Sources */ = {
			isa = PBXSourcesBuildPhase;
			buildActionMask = 2147483647;
			files = (
				2FB09ACF196B9CA2006C813B /* ViewController.m in Sources */,
				2FB09AC6196B9CA2006C813B /* AppDelegate.m in Sources */,
				2FB09AC2196B9CA2006C813B /* main.m in Sources */,
			);
			runOnlyForDeploymentPostprocessing = 0;
		};
		2FB09AD2196B9CA2006C813B /* Sources */ = {
			isa = PBXSourcesBuildPhase;
			buildActionMask = 2147483647;
			files = (
				2FB09AE4196B9CA2006C813B /* RecipesTests.m in Sources */,
			);
			runOnlyForDeploymentPostprocessing = 0;
		};
/* End PBXSourcesBuildPhase section */

/* Begin PBXTargetDependency section */
		2FB09ADC196B9CA2006C813B /* PBXTargetDependency */ = {
			isa = PBXTargetDependency;
			target = 2FB09AB1196B9CA2006C813B /* Recipes */;
			targetProxy = 2FB09ADB196B9CA2006C813B /* PBXContainerItemProxy */;
		};
/* End PBXTargetDependency section */

/* Begin PBXVariantGroup section */
		2FB09ABE196B9CA2006C813B /* InfoPlist.strings */ = {
			isa = PBXVariantGroup;
			children = (
				2FB09ABF196B9CA2006C813B /* en */,
			);
			name = InfoPlist.strings;
			sourceTree = "<group>";
		};
		2FB09AC7196B9CA2006C813B /* Main_iPhone.storyboard */ = {
			isa = PBXVariantGroup;
			children = (
				2FB09AC8196B9CA2006C813B /* Base */,
			);
			name = Main_iPhone.storyboard;
			sourceTree = "<group>";
		};
		2FB09ACA196B9CA2006C813B /* Main_iPad.storyboard */ = {
			isa = PBXVariantGroup;
			children = (
				2FB09ACB196B9CA2006C813B /* Base */,
			);
			name = Main_iPad.storyboard;
			sourceTree = "<group>";
		};
		2FB09AE0196B9CA2006C813B /* InfoPlist.strings */ = {
			isa = PBXVariantGroup;
			children = (
				2FB09AE1196B9CA2006C813B /* en */,
			);
			name = InfoPlist.strings;
			sourceTree = "<group>";
		};
/* End PBXVariantGroup section */

/* Begin XCBuildConfiguration section */
		2FB09AE5196B9CA2006C813B /* Debug */ = {
			isa = XCBuildConfiguration;
			buildSettings = {
				ALWAYS_SEARCH_USER_PATHS = NO;
				CLANG_CXX_LANGUAGE_STANDARD = "gnu++0x";
				CLANG_CXX_LIBRARY = "libc++";
				CLANG_ENABLE_MODULES = YES;
				CLANG_ENABLE_OBJC_ARC = YES;
				CLANG_WARN_BOOL_CONVERSION = YES;
				CLANG_WARN_CONSTANT_CONVERSION = YES;
				CLANG_WARN_DIRECT_OBJC_ISA_USAGE = YES_ERROR;
				CLANG_WARN_EMPTY_BODY = YES;
				CLANG_WARN_ENUM_CONVERSION = YES;
				CLANG_WARN_INT_CONVERSION = YES;
				CLANG_WARN_OBJC_ROOT_CLASS = YES_ERROR;
				CLANG_WARN__DUPLICATE_METHOD_MATCH = YES;
				"CODE_SIGN_IDENTITY[sdk=iphoneos*]" = "iPhone Developer";
				COPY_PHASE_STRIP = NO;
				GCC_C_LANGUAGE_STANDARD = gnu99;
				GCC_DYNAMIC_NO_PIC = NO;
				GCC_OPTIMIZATION_LEVEL = 0;
				GCC_PREPROCESSOR_DEFINITIONS = (
					"DEBUG=1",
					"$(inherited)",
				);
				GCC_SYMBOLS_PRIVATE_EXTERN = NO;
				GCC_WARN_64_TO_32_BIT_CONVERSION = YES;
				GCC_WARN_ABOUT_RETURN_TYPE = YES_ERROR;
				GCC_WARN_UNDECLARED_SELECTOR = YES;
				GCC_WARN_UNINITIALIZED_AUTOS = YES_AGGRESSIVE;
				GCC_WARN_UNUSED_FUNCTION = YES;
				GCC_WARN_UNUSED_VARIABLE = YES;
				IPHONEOS_DEPLOYMENT_TARGET = 7.1;
				ONLY_ACTIVE_ARCH = YES;
				SDKROOT = iphoneos;
				TARGETED_DEVICE_FAMILY = "1,2";
			};
			name = Debug;
		};
		2FB09AE6196B9CA2006C813B /* Release */ = {
			isa = XCBuildConfiguration;
			buildSettings = {
				ALWAYS_SEARCH_USER_PATHS = NO;
				CLANG_CXX_LANGUAGE_STANDARD = "gnu++0x";
				CLANG_CXX_LIBRARY = "libc++";
				CLANG_ENABLE_MODULES = YES;
				CLANG_ENABLE_OBJC_ARC = YES;
				CLANG_WARN_BOOL_CONVERSION = YES;
				CLANG_WARN_CONSTANT_CONVERSION = YES;
				CLANG_WARN_DIRECT_OBJC_ISA_USAGE = YES_ERROR;
				CLANG_WARN_EMPTY_BODY = YES;
				CLANG_WARN_ENUM_CONVERSION = YES;
				CLANG_WARN_INT_CONVERSION = YES;
				CLANG_WARN_OBJC_ROOT_CLASS = YES_ERROR;
				CLANG_WARN__DUPLICATE_METHOD_MATCH = YES;
				"CODE_SIGN_IDENTITY[sdk=iphoneos*]" = "iPhone Developer";
				COPY_PHASE_STRIP = YES;
				ENABLE_NS_ASSERTIONS = NO;
				GCC_C_LANGUAGE_STANDARD = gnu99;
				GCC_WARN_64_TO_32_BIT_CONVERSION = YES;
				GCC_WARN_ABOUT_RETURN_TYPE = YES_ERROR;
				GCC_WARN_UNDECLARED_SELECTOR = YES;
				GCC_WARN_UNINITIALIZED_AUTOS = YES_AGGRESSIVE;
				GCC_WARN_UNUSED_FUNCTION = YES;
				GCC_WARN_UNUSED_VARIABLE = YES;
				IPHONEOS_DEPLOYMENT_TARGET = 7.1;
				SDKROOT = iphoneos;
				TARGETED_DEVICE_FAMILY = "1,2";
				VALIDATE_PRODUCT = YES;
			};
			name = Release;
		};
		2FB09AE8196B9CA2006C813B /* Debug */ = {
			isa = XCBuildConfiguration;
			buildSettings = {
				ASSETCATALOG_COMPILER_APPICON_NAME = AppIcon;
				ASSETCATALOG_COMPILER_LAUNCHIMAGE_NAME = LaunchImage;
				GCC_PRECOMPILE_PREFIX_HEADER = YES;
				GCC_PREFIX_HEADER = "Recipes/Recipes-Prefix.pch";
				INFOPLIST_FILE = "Recipes/Recipes-Info.plist";
				PRODUCT_NAME = "$(TARGET_NAME)";
				WRAPPER_EXTENSION = app;
			};
			name = Debug;
		};
		2FB09AE9196B9CA2006C813B /* Release */ = {
			isa = XCBuildConfiguration;
			buildSettings = {
				ASSETCATALOG_COMPILER_APPICON_NAME = AppIcon;
				ASSETCATALOG_COMPILER_LAUNCHIMAGE_NAME = LaunchImage;
				GCC_PRECOMPILE_PREFIX_HEADER = YES;
				GCC_PREFIX_HEADER = "Recipes/Recipes-Prefix.pch";
				INFOPLIST_FILE = "Recipes/Recipes-Info.plist";
				PRODUCT_NAME = "$(TARGET_NAME)";
				WRAPPER_EXTENSION = app;
			};
			name = Release;
		};
		2FB09AEB196B9CA2006C813B /* Debug */ = {
			isa = XCBuildConfiguration;
			buildSettings = {
				BUNDLE_LOADER = "$(BUILT_PRODUCTS_DIR)/Recipes.app/Recipes";
				FRAMEWORK_SEARCH_PATHS = (
					"$(SDKROOT)/Developer/Library/Frameworks",
					"$(inherited)",
					"$(DEVELOPER_FRAMEWORKS_DIR)",
				);
				GCC_PRECOMPILE_PREFIX_HEADER = YES;
				GCC_PREFIX_HEADER = "Recipes/Recipes-Prefix.pch";
				GCC_PREPROCESSOR_DEFINITIONS = (
					"DEBUG=1",
					"$(inherited)",
				);
				INFOPLIST_FILE = "RecipesTests/RecipesTests-Info.plist";
				PRODUCT_NAME = "$(TARGET_NAME)";
				TEST_HOST = "$(BUNDLE_LOADER)";
				WRAPPER_EXTENSION = xctest;
			};
			name = Debug;
		};
		2FB09AEC196B9CA2006C813B /* Release */ = {
			isa = XCBuildConfiguration;
			buildSettings = {
				BUNDLE_LOADER = "$(BUILT_PRODUCTS_DIR)/Recipes.app/Recipes";
				FRAMEWORK_SEARCH_PATHS = (
					"$(SDKROOT)/Developer/Library/Frameworks",
					"$(inherited)",
					"$(DEVELOPER_FRAMEWORKS_DIR)",
				);
				GCC_PRECOMPILE_PREFIX_HEADER = YES;
				GCC_PREFIX_HEADER = "Recipes/Recipes-Prefix.pch";
				INFOPLIST_FILE = "RecipesTests/RecipesTests-Info.plist";
				PRODUCT_NAME = "$(TARGET_NAME)";
				TEST_HOST = "$(BUNDLE_LOADER)";
				WRAPPER_EXTENSION = xctest;
			};
			name = Release;
		};
/* End XCBuildConfiguration section */

/* Begin XCConfigurationList section */
		2FB09AAD196B9CA2006C813B /* Build configuration list for PBXProject "Recipes" */ = {
			isa = XCConfigurationList;
			buildConfigurations = (
				2FB09AE5196B9CA2006C813B /* Debug */,
				2FB09AE6196B9CA2006C813B /* Release */,
			);
			defaultConfigurationIsVisible = 0;
			defaultConfigurationName = Release;
		};
		2FB09AE7196B9CA2006C813B /* Build configuration list for PBXNativeTarget "Recipes" */ = {
			isa = XCConfigurationList;
			buildConfigurations = (
				2FB09AE8196B9CA2006C813B /* Debug */,
				2FB09AE9196B9CA2006C813B /* Release */,
			);
			defaultConfigurationIsVisible = 0;
		};
		2FB09AEA196B9CA2006C813B /* Build configuration list for PBXNativeTarget "RecipesTests" */ = {
			isa = XCConfigurationList;
			buildConfigurations = (
				2FB09AEB196B9CA2006C813B /* Debug */,
				2FB09AEC196B9CA2006C813B /* Release */,
			);
			defaultConfigurationIsVisible = 0;
		};
/* End XCConfigurationList section */
	};
	rootObject = 2FB09AAA196B9CA2006C813B /* Project object */;
}
